SITE
  remote: http://community.opscode.com/api/v1
  specs:
    apt (2.7.0)
    build-essential (2.2.2)
    curl (2.0.1)
    java (1.31.0)

GIT
  remote: https://github.com/exratione/n-and-nodejs-cookbook
  ref: v0.0.3
  sha: 22e4e784d125af3285f95f1c9ec57fdd7d8bd8cc
  specs:
    n-and-nodejs (0.0.3)
      build-essential (>= 0.0.0)
      curl (>= 0.0.0)

GIT
  remote: https://github.com/exratione/protractor-selenium-server-cookbook
  ref: v0.0.8
  sha: d9a6907d765a217c2411c07c94fcc5caaf2b03b1
  specs:
    protractor-selenium-server (0.0.8)
      java (>= 0.0.0)
      n-and-nodejs (>= 0.0.0)

DEPENDENCIES
  apt (>= 0)
  n-and-nodejs (>= 0)
  protractor-selenium-server (>= 0)

