SITE
  remote: http://community.opscode.com/api/v1
  specs:
    apt (2.4.0)
    build-essential (2.0.2)
    curl (2.0.0)
    java (1.22.0)

GIT
  remote: https://github.com/exratione/n-and-nodejs-cookbook
  ref: v0.0.2
  sha: 5419ddc5739fc90bcac7ed53304b40be4e8b640c
  specs:
    n-and-nodejs (0.0.2)
      build-essential (>= 0.0.0)
      curl (>= 0.0.0)

GIT
  remote: https://github.com/exratione/protractor-selenium-server-cookbook
  ref: v0.0.5
  sha: f4c32fa2e33d125342e7dd2544ed3716ef4fa5fe
  specs:
    protractor-selenium-server (0.0.5)
      java (>= 0.0.0)
      n-and-nodejs (>= 0.0.0)

DEPENDENCIES
  apt (>= 0)
  n-and-nodejs (>= 0)
  protractor-selenium-server (>= 0)

